{
  "name": "sample",
  "version": "1.0.0",
  "lockfileVersion": 1,
  "requires": true,
  "dependencies": {
    "phi-colors": {
      "version": "0.0.4",
      "resolved": "https://registry.npmjs.org/phi-colors/-/phi-colors-0.0.4.tgz",
      "integrity": "sha512-2iP/MmXe1GB8hZS7XmkW96vZMHMcJYFML3tx/gdLSqXW0izups1KTpjxwUvCtcU8Ptxh6gFgBzdrqZMOB/h6ag=="
    }
  }
}
